
Microsoft Visual Studio Solution File, Format Version 12.00
# Visual Studio 15
VisualStudioVersion = 15.0.27130.2024
MinimumVisualStudioVersion = 10.0.40219.1
Project("{FAE04EC0-301F-11D3-BF4B-00C04F79EFBC}") = "TP.DAL", "TP.DAL\TP.DAL.csproj", "{A2BE0A24-82A4-42AC-95EF-D2CD958F16A3}"
EndProject
Project("{FAE04EC0-301F-11D3-BF4B-00C04F79EFBC}") = "TP.BL", "TP.BL\TP.BL.csproj", "{6DC11727-4E4E-4C38-B4FC-6D2B64C816C9}"
EndProject
Project("{FAE04EC0-301F-11D3-BF4B-00C04F79EFBC}") = "TP.PL", "TP.PL\TP.PL.csproj", "{48BFFAF5-6E40-49D9-A9D2-5FEE861A9CF1}"
EndProject
Global
	GlobalSection(SolutionConfigurationPlatforms) = preSolution
		Debug|Any CPU = Debug|Any CPU
		Release|Any CPU = Release|Any CPU
	EndGlobalSection
	GlobalSection(ProjectConfigurationPlatforms) = postSolution
		{A2BE0A24-82A4-42AC-95EF-D2CD958F16A3}.Debug|Any CPU.ActiveCfg = Debug|Any CPU
		{A2BE0A24-82A4-42AC-95EF-D2CD958F16A3}.Debug|Any CPU.Build.0 = Debug|Any CPU
		{A2BE0A24-82A4-42AC-95EF-D2CD958F16A3}.Release|Any CPU.ActiveCfg = Release|Any CPU
		{A2BE0A24-82A4-42AC-95EF-D2CD958F16A3}.Release|Any CPU.Build.0 = Release|Any CPU
		{6DC11727-4E4E-4C38-B4FC-6D2B64C816C9}.Debug|Any CPU.ActiveCfg = Debug|Any CPU
		{6DC11727-4E4E-4C38-B4FC-6D2B64C816C9}.Debug|Any CPU.Build.0 = Debug|Any CPU
		{6DC11727-4E4E-4C38-B4FC-6D2B64C816C9}.Release|Any CPU.ActiveCfg = Release|Any CPU
		{6DC11727-4E4E-4C38-B4FC-6D2B64C816C9}.Release|Any CPU.Build.0 = Release|Any CPU
		{48BFFAF5-6E40-49D9-A9D2-5FEE861A9CF1}.Debug|Any CPU.ActiveCfg = Debug|Any CPU
		{48BFFAF5-6E40-49D9-A9D2-5FEE861A9CF1}.Debug|Any CPU.Build.0 = Debug|Any CPU
		{48BFFAF5-6E40-49D9-A9D2-5FEE861A9CF1}.Release|Any CPU.ActiveCfg = Release|Any CPU
		{48BFFAF5-6E40-49D9-A9D2-5FEE861A9CF1}.Release|Any CPU.Build.0 = Release|Any CPU
	EndGlobalSection
	GlobalSection(SolutionProperties) = preSolution
		HideSolutionNode = FALSE
	EndGlobalSection
	GlobalSection(ExtensibilityGlobals) = postSolution
		SolutionGuid = {BC289578-3757-4945-BB95-DF7357F1C73F}
	EndGlobalSection
EndGlobal
